
Microsoft Visual Studio Solution File, Format Version 12.00
# Visual Studio 14
VisualStudioVersion = 14.0.25420.1
MinimumVisualStudioVersion = 10.0.40219.1
Project("{FAE04EC0-301F-11D3-BF4B-00C04F79EFBC}") = "UI", "Proyecto Progra III\UI.csproj", "{A25A07CE-FA7F-40F3-A591-780F83F04882}"
EndProject
Project("{FAE04EC0-301F-11D3-BF4B-00C04F79EFBC}") = "CapaEntidades", "CapaEntidades\CapaEntidades.csproj", "{B2A84F44-B02E-49E3-A622-BF45567611C8}"
EndProject
Project("{FAE04EC0-301F-11D3-BF4B-00C04F79EFBC}") = "CapaLogicaNegocio", "CapaLogicaNegocio\CapaLogicaNegocio.csproj", "{63DF49EF-E388-451F-AB55-D6736895B70C}"
EndProject
Project("{FAE04EC0-301F-11D3-BF4B-00C04F79EFBC}") = "CapaAccesoDatos", "CapaAccesoDatos\CapaAccesoDatos.csproj", "{693D3D3E-AE69-4F0D-9698-67B93137A8D6}"
EndProject
Global
	GlobalSection(SolutionConfigurationPlatforms) = preSolution
		Debug|Any CPU = Debug|Any CPU
		Release|Any CPU = Release|Any CPU
	EndGlobalSection
	GlobalSection(ProjectConfigurationPlatforms) = postSolution
		{A25A07CE-FA7F-40F3-A591-780F83F04882}.Debug|Any CPU.ActiveCfg = Debug|Any CPU
		{A25A07CE-FA7F-40F3-A591-780F83F04882}.Debug|Any CPU.Build.0 = Debug|Any CPU
		{A25A07CE-FA7F-40F3-A591-780F83F04882}.Release|Any CPU.ActiveCfg = Release|Any CPU
		{A25A07CE-FA7F-40F3-A591-780F83F04882}.Release|Any CPU.Build.0 = Release|Any CPU
		{B2A84F44-B02E-49E3-A622-BF45567611C8}.Debug|Any CPU.ActiveCfg = Debug|Any CPU
		{B2A84F44-B02E-49E3-A622-BF45567611C8}.Debug|Any CPU.Build.0 = Debug|Any CPU
		{B2A84F44-B02E-49E3-A622-BF45567611C8}.Release|Any CPU.ActiveCfg = Release|Any CPU
		{B2A84F44-B02E-49E3-A622-BF45567611C8}.Release|Any CPU.Build.0 = Release|Any CPU
		{63DF49EF-E388-451F-AB55-D6736895B70C}.Debug|Any CPU.ActiveCfg = Debug|Any CPU
		{63DF49EF-E388-451F-AB55-D6736895B70C}.Debug|Any CPU.Build.0 = Debug|Any CPU
		{63DF49EF-E388-451F-AB55-D6736895B70C}.Release|Any CPU.ActiveCfg = Release|Any CPU
		{63DF49EF-E388-451F-AB55-D6736895B70C}.Release|Any CPU.Build.0 = Release|Any CPU
		{693D3D3E-AE69-4F0D-9698-67B93137A8D6}.Debug|Any CPU.ActiveCfg = Debug|Any CPU
		{693D3D3E-AE69-4F0D-9698-67B93137A8D6}.Debug|Any CPU.Build.0 = Debug|Any CPU
		{693D3D3E-AE69-4F0D-9698-67B93137A8D6}.Release|Any CPU.ActiveCfg = Release|Any CPU
		{693D3D3E-AE69-4F0D-9698-67B93137A8D6}.Release|Any CPU.Build.0 = Release|Any CPU
	EndGlobalSection
	GlobalSection(SolutionProperties) = preSolution
		HideSolutionNode = FALSE
	EndGlobalSection
EndGlobal
